// !$*UTF8*$!
{
	archiveVersion = 1;
	classes = {
	};
	objectVersion = 56;
	objects = {

/* Begin PBXBuildFile section */
		66E5331E2C1A4ED900255D15 /* NovaAdapter.docc in Sources */ = {isa = PBXBuildFile; fileRef = 66E5331D2C1A4ED900255D15 /* NovaAdapter.docc */; };
		66E533242C1A4ED900255D15 /* NovaAdapter.framework in Frameworks */ = {isa = PBXBuildFile; fileRef = 66E533192C1A4ED900255D15 /* NovaAdapter.framework */; };
		66E533292C1A4ED900255D15 /* NovaAdapterTests.swift in Sources */ = {isa = PBXBuildFile; fileRef = 66E533282C1A4ED900255D15 /* NovaAdapterTests.swift */; };
		66E5332A2C1A4ED900255D15 /* NovaAdapter.h in Headers */ = {isa = PBXBuildFile; fileRef = 66E5331C2C1A4ED900255D15 /* NovaAdapter.h */; settings = {ATTRIBUTES = (Public, ); }; };
		66E533392C1A589700255D15 /* NovaNativeAd.swift in Sources */ = {isa = PBXBuildFile; fileRef = 66E533382C1A589700255D15 /* NovaNativeAd.swift */; };
		66E5333B2C1A601D00255D15 /* NovaAdapter.swift in Sources */ = {isa = PBXBuildFile; fileRef = 66E5333A2C1A601D00255D15 /* NovaAdapter.swift */; };
		66E535362C262F9E00255D15 /* NovaManager.swift in Sources */ = {isa = PBXBuildFile; fileRef = 66E535352C262F9E00255D15 /* NovaManager.swift */; };
		B9408A549E0B25DB24A70CAC /* libPods-NovaAdapter.a in Frameworks */ = {isa = PBXBuildFile; fileRef = E133F513B7AA39D265F227A6 /* libPods-NovaAdapter.a */; };
/* End PBXBuildFile section */

/* Begin PBXContainerItemProxy section */
		66E533252C1A4ED900255D15 /* PBXContainerItemProxy */ = {
			isa = PBXContainerItemProxy;
			containerPortal = 66E533102C1A4ED800255D15 /* Project object */;
			proxyType = 1;
			remoteGlobalIDString = 66E533182C1A4ED900255D15;
			remoteInfo = NovaAdapter;
		};
/* End PBXContainerItemProxy section */

/* Begin PBXFileReference section */
		28744C3FB2F6D3F9E993D07B /* Pods-NovaAdapter.release.xcconfig */ = {isa = PBXFileReference; includeInIndex = 1; lastKnownFileType = text.xcconfig; name = "Pods-NovaAdapter.release.xcconfig"; path = "Target Support Files/Pods-NovaAdapter/Pods-NovaAdapter.release.xcconfig"; sourceTree = "<group>"; };
		66E533192C1A4ED900255D15 /* NovaAdapter.framework */ = {isa = PBXFileReference; explicitFileType = wrapper.framework; includeInIndex = 0; path = NovaAdapter.framework; sourceTree = BUILT_PRODUCTS_DIR; };
		66E5331C2C1A4ED900255D15 /* NovaAdapter.h */ = {isa = PBXFileReference; lastKnownFileType = sourcecode.c.h; path = NovaAdapter.h; sourceTree = "<group>"; };
		66E5331D2C1A4ED900255D15 /* NovaAdapter.docc */ = {isa = PBXFileReference; lastKnownFileType = folder.documentationcatalog; path = NovaAdapter.docc; sourceTree = "<group>"; };
		66E533232C1A4ED900255D15 /* NovaAdapterTests.xctest */ = {isa = PBXFileReference; explicitFileType = wrapper.cfbundle; includeInIndex = 0; path = NovaAdapterTests.xctest; sourceTree = BUILT_PRODUCTS_DIR; };
		66E533282C1A4ED900255D15 /* NovaAdapterTests.swift */ = {isa = PBXFileReference; lastKnownFileType = sourcecode.swift; path = NovaAdapterTests.swift; sourceTree = "<group>"; };
		66E533342C1A4F5800255D15 /* shared.xcframework */ = {isa = PBXFileReference; lastKnownFileType = wrapper.xcframework; path = shared.xcframework; sourceTree = "<group>"; };
		66E533382C1A589700255D15 /* NovaNativeAd.swift */ = {isa = PBXFileReference; lastKnownFileType = sourcecode.swift; path = NovaNativeAd.swift; sourceTree = "<group>"; };
		66E5333A2C1A601D00255D15 /* NovaAdapter.swift */ = {isa = PBXFileReference; lastKnownFileType = sourcecode.swift; path = NovaAdapter.swift; sourceTree = "<group>"; };
		66E533BA2C23815B00255D15 /* PrebidMobile.xcframework */ = {isa = PBXFileReference; lastKnownFileType = wrapper.xcframework; path = PrebidMobile.xcframework; sourceTree = "<group>"; };
		66E535352C262F9E00255D15 /* NovaManager.swift */ = {isa = PBXFileReference; lastKnownFileType = sourcecode.swift; path = NovaManager.swift; sourceTree = "<group>"; };
		E133F513B7AA39D265F227A6 /* libPods-NovaAdapter.a */ = {isa = PBXFileReference; explicitFileType = archive.ar; includeInIndex = 0; path = "libPods-NovaAdapter.a"; sourceTree = BUILT_PRODUCTS_DIR; };
		E13406DB45269D62A6AD73D3 /* Pods-NovaAdapter.debug.xcconfig */ = {isa = PBXFileReference; includeInIndex = 1; lastKnownFileType = text.xcconfig; name = "Pods-NovaAdapter.debug.xcconfig"; path = "Target Support Files/Pods-NovaAdapter/Pods-NovaAdapter.debug.xcconfig"; sourceTree = "<group>"; };
/* End PBXFileReference section */

/* Begin PBXFrameworksBuildPhase section */
		66E533162C1A4ED900255D15 /* Frameworks */ = {
			isa = PBXFrameworksBuildPhase;
			buildActionMask = 2147483647;
			files = (
				B9408A549E0B25DB24A70CAC /* libPods-NovaAdapter.a in Frameworks */,
			);
			runOnlyForDeploymentPostprocessing = 0;
		};
		66E533202C1A4ED900255D15 /* Frameworks */ = {
			isa = PBXFrameworksBuildPhase;
			buildActionMask = 2147483647;
			files = (
				66E533242C1A4ED900255D15 /* NovaAdapter.framework in Frameworks */,
			);
			runOnlyForDeploymentPostprocessing = 0;
		};
/* End PBXFrameworksBuildPhase section */

/* Begin PBXGroup section */
		66E5330F2C1A4ED800255D15 = {
			isa = PBXGroup;
			children = (
				66E5331B2C1A4ED900255D15 /* NovaAdapter */,
				66E533272C1A4ED900255D15 /* NovaAdapterTests */,
				66E5331A2C1A4ED900255D15 /* Products */,
				66E533332C1A4F5800255D15 /* Frameworks */,
				D3AA32872941A2A030B85907 /* Pods */,
			);
			sourceTree = "<group>";
		};
		66E5331A2C1A4ED900255D15 /* Products */ = {
			isa = PBXGroup;
			children = (
				66E533192C1A4ED900255D15 /* NovaAdapter.framework */,
				66E533232C1A4ED900255D15 /* NovaAdapterTests.xctest */,
			);
			name = Products;
			sourceTree = "<group>";
		};
		66E5331B2C1A4ED900255D15 /* NovaAdapter */ = {
			isa = PBXGroup;
			children = (
				66E5331C2C1A4ED900255D15 /* NovaAdapter.h */,
				66E5331D2C1A4ED900255D15 /* NovaAdapter.docc */,
				66E533382C1A589700255D15 /* NovaNativeAd.swift */,
				66E5333A2C1A601D00255D15 /* NovaAdapter.swift */,
				66E535352C262F9E00255D15 /* NovaManager.swift */,
			);
			path = NovaAdapter;
			sourceTree = "<group>";
		};
		66E533272C1A4ED900255D15 /* NovaAdapterTests */ = {
			isa = PBXGroup;
			children = (
				66E533282C1A4ED900255D15 /* NovaAdapterTests.swift */,
			);
			path = NovaAdapterTests;
			sourceTree = "<group>";
		};
		66E533332C1A4F5800255D15 /* Frameworks */ = {
			isa = PBXGroup;
			children = (
				66E533BA2C23815B00255D15 /* PrebidMobile.xcframework */,
				66E533342C1A4F5800255D15 /* shared.xcframework */,
				E133F513B7AA39D265F227A6 /* libPods-NovaAdapter.a */,
			);
			name = Frameworks;
			sourceTree = "<group>";
		};
		D3AA32872941A2A030B85907 /* Pods */ = {
			isa = PBXGroup;
			children = (
				E13406DB45269D62A6AD73D3 /* Pods-NovaAdapter.debug.xcconfig */,
				28744C3FB2F6D3F9E993D07B /* Pods-NovaAdapter.release.xcconfig */,
			);
			name = Pods;
			path = ../Pods;
			sourceTree = "<group>";
		};
/* End PBXGroup section */

/* Begin PBXHeadersBuildPhase section */
		66E533142C1A4ED900255D15 /* Headers */ = {
			isa = PBXHeadersBuildPhase;
			buildActionMask = 2147483647;
			files = (
				66E5332A2C1A4ED900255D15 /* NovaAdapter.h in Headers */,
			);
			runOnlyForDeploymentPostprocessing = 0;
		};
/* End PBXHeadersBuildPhase section */

/* Begin PBXNativeTarget section */
		66E533182C1A4ED900255D15 /* NovaAdapter */ = {
			isa = PBXNativeTarget;
			buildConfigurationList = 66E5332D2C1A4ED900255D15 /* Build configuration list for PBXNativeTarget "NovaAdapter" */;
			buildPhases = (
				74126B21F718BAFD271A40AA /* [CP] Check Pods Manifest.lock */,
				66E533142C1A4ED900255D15 /* Headers */,
				66E533152C1A4ED900255D15 /* Sources */,
				66E533162C1A4ED900255D15 /* Frameworks */,
				66E533172C1A4ED900255D15 /* Resources */,
			);
			buildRules = (
			);
			dependencies = (
			);
			name = NovaAdapter;
			productName = NovaAdapter;
			productReference = 66E533192C1A4ED900255D15 /* NovaAdapter.framework */;
			productType = "com.apple.product-type.framework";
		};
		66E533222C1A4ED900255D15 /* NovaAdapterTests */ = {
			isa = PBXNativeTarget;
			buildConfigurationList = 66E533302C1A4ED900255D15 /* Build configuration list for PBXNativeTarget "NovaAdapterTests" */;
			buildPhases = (
				66E5331F2C1A4ED900255D15 /* Sources */,
				66E533202C1A4ED900255D15 /* Frameworks */,
				66E533212C1A4ED900255D15 /* Resources */,
			);
			buildRules = (
			);
			dependencies = (
				66E533262C1A4ED900255D15 /* PBXTargetDependency */,
			);
			name = NovaAdapterTests;
			productName = NovaAdapterTests;
			productReference = 66E533232C1A4ED900255D15 /* NovaAdapterTests.xctest */;
			productType = "com.apple.product-type.bundle.unit-test";
		};
/* End PBXNativeTarget section */

/* Begin PBXProject section */
		66E533102C1A4ED800255D15 /* Project object */ = {
			isa = PBXProject;
			attributes = {
				BuildIndependentTargetsInParallel = 1;
				LastSwiftUpdateCheck = 1540;
				LastUpgradeCheck = 1540;
				TargetAttributes = {
					66E533182C1A4ED900255D15 = {
						CreatedOnToolsVersion = 15.4;
					};
					66E533222C1A4ED900255D15 = {
						CreatedOnToolsVersion = 15.4;
					};
				};
			};
			buildConfigurationList = 66E533132C1A4ED800255D15 /* Build configuration list for PBXProject "NovaAdapter" */;
			compatibilityVersion = "Xcode 14.0";
			developmentRegion = en;
			hasScannedForEncodings = 0;
			knownRegions = (
				en,
				Base,
			);
			mainGroup = 66E5330F2C1A4ED800255D15;
			productRefGroup = 66E5331A2C1A4ED900255D15 /* Products */;
			projectDirPath = "";
			projectRoot = "";
			targets = (
				66E533182C1A4ED900255D15 /* NovaAdapter */,
				66E533222C1A4ED900255D15 /* NovaAdapterTests */,
			);
		};
/* End PBXProject section */

/* Begin PBXResourcesBuildPhase section */
		66E533172C1A4ED900255D15 /* Resources */ = {
			isa = PBXResourcesBuildPhase;
			buildActionMask = 2147483647;
			files = (
			);
			runOnlyForDeploymentPostprocessing = 0;
		};
		66E533212C1A4ED900255D15 /* Resources */ = {
			isa = PBXResourcesBuildPhase;
			buildActionMask = 2147483647;
			files = (
			);
			runOnlyForDeploymentPostprocessing = 0;
		};
/* End PBXResourcesBuildPhase section */

/* Begin PBXShellScriptBuildPhase section */
		74126B21F718BAFD271A40AA /* [CP] Check Pods Manifest.lock */ = {
			isa = PBXShellScriptBuildPhase;
			buildActionMask = 2147483647;
			files = (
			);
			inputFileListPaths = (
			);
			inputPaths = (
				"${PODS_PODFILE_DIR_PATH}/Podfile.lock",
				"${PODS_ROOT}/Manifest.lock",
			);
			name = "[CP] Check Pods Manifest.lock";
			outputFileListPaths = (
			);
			outputPaths = (
				"$(DERIVED_FILE_DIR)/Pods-NovaAdapter-checkManifestLockResult.txt",
			);
			runOnlyForDeploymentPostprocessing = 0;
			shellPath = /bin/sh;
			shellScript = "diff \"${PODS_PODFILE_DIR_PATH}/Podfile.lock\" \"${PODS_ROOT}/Manifest.lock\" > /dev/null\nif [ $? != 0 ] ; then\n    # print error to STDERR\n    echo \"error: The sandbox is not in sync with the Podfile.lock. Run 'pod install' or update your CocoaPods installation.\" >&2\n    exit 1\nfi\n# This output is used by Xcode 'outputs' to avoid re-running this script phase.\necho \"SUCCESS\" > \"${SCRIPT_OUTPUT_FILE_0}\"\n";
			showEnvVarsInLog = 0;
		};
/* End PBXShellScriptBuildPhase section */

/* Begin PBXSourcesBuildPhase section */
		66E533152C1A4ED900255D15 /* Sources */ = {
			isa = PBXSourcesBuildPhase;
			buildActionMask = 2147483647;
			files = (
				66E5331E2C1A4ED900255D15 /* NovaAdapter.docc in Sources */,
				66E533392C1A589700255D15 /* NovaNativeAd.swift in Sources */,
				66E5333B2C1A601D00255D15 /* NovaAdapter.swift in Sources */,
				66E535362C262F9E00255D15 /* NovaManager.swift in Sources */,
			);
			runOnlyForDeploymentPostprocessing = 0;
		};
		66E5331F2C1A4ED900255D15 /* Sources */ = {
			isa = PBXSourcesBuildPhase;
			buildActionMask = 2147483647;
			files = (
				66E533292C1A4ED900255D15 /* NovaAdapterTests.swift in Sources */,
			);
			runOnlyForDeploymentPostprocessing = 0;
		};
/* End PBXSourcesBuildPhase section */

/* Begin PBXTargetDependency section */
		66E533262C1A4ED900255D15 /* PBXTargetDependency */ = {
			isa = PBXTargetDependency;
			target = 66E533182C1A4ED900255D15 /* NovaAdapter */;
			targetProxy = 66E533252C1A4ED900255D15 /* PBXContainerItemProxy */;
		};
/* End PBXTargetDependency section */

/* Begin XCBuildConfiguration section */
		66E5332B2C1A4ED900255D15 /* Debug */ = {
			isa = XCBuildConfiguration;
			buildSettings = {
				ALWAYS_SEARCH_USER_PATHS = NO;
				ASSETCATALOG_COMPILER_GENERATE_SWIFT_ASSET_SYMBOL_EXTENSIONS = YES;
				CLANG_ANALYZER_NONNULL = YES;
				CLANG_ANALYZER_NUMBER_OBJECT_CONVERSION = YES_AGGRESSIVE;
				CLANG_CXX_LANGUAGE_STANDARD = "gnu++20";
				CLANG_ENABLE_MODULES = YES;
				CLANG_ENABLE_OBJC_ARC = YES;
				CLANG_ENABLE_OBJC_WEAK = YES;
				CLANG_WARN_BLOCK_CAPTURE_AUTORELEASING = YES;
				CLANG_WARN_BOOL_CONVERSION = YES;
				CLANG_WARN_COMMA = YES;
				CLANG_WARN_CONSTANT_CONVERSION = YES;
				CLANG_WARN_DEPRECATED_OBJC_IMPLEMENTATIONS = YES;
				CLANG_WARN_DIRECT_OBJC_ISA_USAGE = YES_ERROR;
				CLANG_WARN_DOCUMENTATION_COMMENTS = YES;
				CLANG_WARN_EMPTY_BODY = YES;
				CLANG_WARN_ENUM_CONVERSION = YES;
				CLANG_WARN_INFINITE_RECURSION = YES;
				CLANG_WARN_INT_CONVERSION = YES;
				CLANG_WARN_NON_LITERAL_NULL_CONVERSION = YES;
				CLANG_WARN_OBJC_IMPLICIT_RETAIN_SELF = YES;
				CLANG_WARN_OBJC_LITERAL_CONVERSION = YES;
				CLANG_WARN_OBJC_ROOT_CLASS = YES_ERROR;
				CLANG_WARN_QUOTED_INCLUDE_IN_FRAMEWORK_HEADER = YES;
				CLANG_WARN_RANGE_LOOP_ANALYSIS = YES;
				CLANG_WARN_STRICT_PROTOTYPES = YES;
				CLANG_WARN_SUSPICIOUS_MOVE = YES;
				CLANG_WARN_UNGUARDED_AVAILABILITY = YES_AGGRESSIVE;
				CLANG_WARN_UNREACHABLE_CODE = YES;
				CLANG_WARN__DUPLICATE_METHOD_MATCH = YES;
				COPY_PHASE_STRIP = NO;
				CURRENT_PROJECT_VERSION = 1;
				DEBUG_INFORMATION_FORMAT = dwarf;
				ENABLE_STRICT_OBJC_MSGSEND = YES;
				ENABLE_TESTABILITY = YES;
				ENABLE_USER_SCRIPT_SANDBOXING = YES;
				GCC_C_LANGUAGE_STANDARD = gnu17;
				GCC_DYNAMIC_NO_PIC = NO;
				GCC_NO_COMMON_BLOCKS = YES;
				GCC_OPTIMIZATION_LEVEL = 0;
				GCC_PREPROCESSOR_DEFINITIONS = (
					"DEBUG=1",
					"$(inherited)",
				);
				GCC_WARN_64_TO_32_BIT_CONVERSION = YES;
				GCC_WARN_ABOUT_RETURN_TYPE = YES_ERROR;
				GCC_WARN_UNDECLARED_SELECTOR = YES;
				GCC_WARN_UNINITIALIZED_AUTOS = YES_AGGRESSIVE;
				GCC_WARN_UNUSED_FUNCTION = YES;
				GCC_WARN_UNUSED_VARIABLE = YES;
				IPHONEOS_DEPLOYMENT_TARGET = 17.5;
				LOCALIZATION_PREFERS_STRING_CATALOGS = YES;
				MTL_ENABLE_DEBUG_INFO = INCLUDE_SOURCE;
				MTL_FAST_MATH = YES;
				ONLY_ACTIVE_ARCH = YES;
				SDKROOT = iphoneos;
				SWIFT_ACTIVE_COMPILATION_CONDITIONS = "DEBUG $(inherited)";
				SWIFT_OPTIMIZATION_LEVEL = "-Onone";
				VERSIONING_SYSTEM = "apple-generic";
				VERSION_INFO_PREFIX = "";
			};
			name = Debug;
		};
		66E5332C2C1A4ED900255D15 /* Release */ = {
			isa = XCBuildConfiguration;
			buildSettings = {
				ALWAYS_SEARCH_USER_PATHS = NO;
				ASSETCATALOG_COMPILER_GENERATE_SWIFT_ASSET_SYMBOL_EXTENSIONS = YES;
				CLANG_ANALYZER_NONNULL = YES;
				CLANG_ANALYZER_NUMBER_OBJECT_CONVERSION = YES_AGGRESSIVE;
				CLANG_CXX_LANGUAGE_STANDARD = "gnu++20";
				CLANG_ENABLE_MODULES = YES;
				CLANG_ENABLE_OBJC_ARC = YES;
				CLANG_ENABLE_OBJC_WEAK = YES;
				CLANG_WARN_BLOCK_CAPTURE_AUTORELEASING = YES;
				CLANG_WARN_BOOL_CONVERSION = YES;
				CLANG_WARN_COMMA = YES;
				CLANG_WARN_CONSTANT_CONVERSION = YES;
				CLANG_WARN_DEPRECATED_OBJC_IMPLEMENTATIONS = YES;
				CLANG_WARN_DIRECT_OBJC_ISA_USAGE = YES_ERROR;
				CLANG_WARN_DOCUMENTATION_COMMENTS = YES;
				CLANG_WARN_EMPTY_BODY = YES;
				CLANG_WARN_ENUM_CONVERSION = YES;
				CLANG_WARN_INFINITE_RECURSION = YES;
				CLANG_WARN_INT_CONVERSION = YES;
				CLANG_WARN_NON_LITERAL_NULL_CONVERSION = YES;
				CLANG_WARN_OBJC_IMPLICIT_RETAIN_SELF = YES;
				CLANG_WARN_OBJC_LITERAL_CONVERSION = YES;
				CLANG_WARN_OBJC_ROOT_CLASS = YES_ERROR;
				CLANG_WARN_QUOTED_INCLUDE_IN_FRAMEWORK_HEADER = YES;
				CLANG_WARN_RANGE_LOOP_ANALYSIS = YES;
				CLANG_WARN_STRICT_PROTOTYPES = YES;
				CLANG_WARN_SUSPICIOUS_MOVE = YES;
				CLANG_WARN_UNGUARDED_AVAILABILITY = YES_AGGRESSIVE;
				CLANG_WARN_UNREACHABLE_CODE = YES;
				CLANG_WARN__DUPLICATE_METHOD_MATCH = YES;
				COPY_PHASE_STRIP = NO;
				CURRENT_PROJECT_VERSION = 1;
				DEBUG_INFORMATION_FORMAT = "dwarf-with-dsym";
				ENABLE_NS_ASSERTIONS = NO;
				ENABLE_STRICT_OBJC_MSGSEND = YES;
				ENABLE_USER_SCRIPT_SANDBOXING = YES;
				GCC_C_LANGUAGE_STANDARD = gnu17;
				GCC_NO_COMMON_BLOCKS = YES;
				GCC_WARN_64_TO_32_BIT_CONVERSION = YES;
				GCC_WARN_ABOUT_RETURN_TYPE = YES_ERROR;
				GCC_WARN_UNDECLARED_SELECTOR = YES;
				GCC_WARN_UNINITIALIZED_AUTOS = YES_AGGRESSIVE;
				GCC_WARN_UNUSED_FUNCTION = YES;
				GCC_WARN_UNUSED_VARIABLE = YES;
				IPHONEOS_DEPLOYMENT_TARGET = 17.5;
				LOCALIZATION_PREFERS_STRING_CATALOGS = YES;
				MTL_ENABLE_DEBUG_INFO = NO;
				MTL_FAST_MATH = YES;
				SDKROOT = iphoneos;
				SWIFT_COMPILATION_MODE = wholemodule;
				VALIDATE_PRODUCT = YES;
				VERSIONING_SYSTEM = "apple-generic";
				VERSION_INFO_PREFIX = "";
			};
			name = Release;
		};
		66E5332E2C1A4ED900255D15 /* Debug */ = {
			isa = XCBuildConfiguration;
			baseConfigurationReference = E13406DB45269D62A6AD73D3 /* Pods-NovaAdapter.debug.xcconfig */;
			buildSettings = {
				BUILD_LIBRARY_FOR_DISTRIBUTION = YES;
				CODE_SIGN_STYLE = Automatic;
				CURRENT_PROJECT_VERSION = 1;
				DEFINES_MODULE = YES;
				DEVELOPMENT_TEAM = 4PEHUZX8QH;
				DYLIB_COMPATIBILITY_VERSION = 1;
				DYLIB_CURRENT_VERSION = 1;
				DYLIB_INSTALL_NAME_BASE = "@rpath";
				ENABLE_MODULE_VERIFIER = NO;
				FRAMEWORK_SEARCH_PATHS = (
					"$(inherited)",
					"$(PROJECT_DIR)",
				);
				GENERATE_INFOPLIST_FILE = YES;
				INFOPLIST_KEY_NSHumanReadableCopyright = "";
				INSTALL_PATH = "$(LOCAL_LIBRARY_DIR)/Frameworks";
				IPHONEOS_DEPLOYMENT_TARGET = 13.0;
				LD_RUNPATH_SEARCH_PATHS = (
					"$(inherited)",
					"@executable_path/Frameworks",
					"@loader_path/Frameworks",
				);
				MARKETING_VERSION = 1.0;
				MODULEMAP_FILE = "";
				MODULE_VERIFIER_SUPPORTED_LANGUAGES = "objective-c objective-c++";
				MODULE_VERIFIER_SUPPORTED_LANGUAGE_STANDARDS = "gnu17 gnu++20";
				PRODUCT_BUNDLE_IDENTIFIER = msp.NovaAdapter;
				PRODUCT_NAME = "$(TARGET_NAME:c99extidentifier)";
				SKIP_INSTALL = YES;
				SWIFT_EMIT_LOC_STRINGS = YES;
				SWIFT_INSTALL_OBJC_HEADER = NO;
				SWIFT_VERSION = 5.0;
				TARGETED_DEVICE_FAMILY = "1,2";
			};
			name = Debug;
		};
		66E5332F2C1A4ED900255D15 /* Release */ = {
			isa = XCBuildConfiguration;
			baseConfigurationReference = 28744C3FB2F6D3F9E993D07B /* Pods-NovaAdapter.release.xcconfig */;
			buildSettings = {
				BUILD_LIBRARY_FOR_DISTRIBUTION = YES;
				CODE_SIGN_STYLE = Automatic;
				CURRENT_PROJECT_VERSION = 1;
				DEFINES_MODULE = YES;
				DEVELOPMENT_TEAM = 4PEHUZX8QH;
				DYLIB_COMPATIBILITY_VERSION = 1;
				DYLIB_CURRENT_VERSION = 1;
				DYLIB_INSTALL_NAME_BASE = "@rpath";
				ENABLE_MODULE_VERIFIER = NO;
				FRAMEWORK_SEARCH_PATHS = (
					"$(inherited)",
					"$(PROJECT_DIR)",
				);
				GENERATE_INFOPLIST_FILE = YES;
				INFOPLIST_KEY_NSHumanReadableCopyright = "";
				INSTALL_PATH = "$(LOCAL_LIBRARY_DIR)/Frameworks";
				IPHONEOS_DEPLOYMENT_TARGET = 13.0;
				LD_RUNPATH_SEARCH_PATHS = (
					"$(inherited)",
					"@executable_path/Frameworks",
					"@loader_path/Frameworks",
				);
				MARKETING_VERSION = 1.0;
				MODULEMAP_FILE = "";
				MODULE_VERIFIER_SUPPORTED_LANGUAGES = "objective-c objective-c++";
				MODULE_VERIFIER_SUPPORTED_LANGUAGE_STANDARDS = "gnu17 gnu++20";
				PRODUCT_BUNDLE_IDENTIFIER = msp.NovaAdapter;
				PRODUCT_NAME = "$(TARGET_NAME:c99extidentifier)";
				SKIP_INSTALL = YES;
				SWIFT_EMIT_LOC_STRINGS = YES;
				SWIFT_INSTALL_OBJC_HEADER = NO;
				SWIFT_VERSION = 5.0;
				TARGETED_DEVICE_FAMILY = "1,2";
			};
			name = Release;
		};
		66E533312C1A4ED900255D15 /* Debug */ = {
			isa = XCBuildConfiguration;
			buildSettings = {
				ALWAYS_EMBED_SWIFT_STANDARD_LIBRARIES = YES;
				CODE_SIGN_STYLE = Automatic;
				CURRENT_PROJECT_VERSION = 1;
				DEVELOPMENT_TEAM = 4PEHUZX8QH;
				GENERATE_INFOPLIST_FILE = YES;
				MARKETING_VERSION = 1.0;
				PRODUCT_BUNDLE_IDENTIFIER = msp.NovaAdapterTests;
				PRODUCT_NAME = "$(TARGET_NAME)";
				SWIFT_EMIT_LOC_STRINGS = NO;
				SWIFT_VERSION = 5.0;
				TARGETED_DEVICE_FAMILY = "1,2";
			};
			name = Debug;
		};
		66E533322C1A4ED900255D15 /* Release */ = {
			isa = XCBuildConfiguration;
			buildSettings = {
				ALWAYS_EMBED_SWIFT_STANDARD_LIBRARIES = YES;
				CODE_SIGN_STYLE = Automatic;
				CURRENT_PROJECT_VERSION = 1;
				DEVELOPMENT_TEAM = 4PEHUZX8QH;
				GENERATE_INFOPLIST_FILE = YES;
				MARKETING_VERSION = 1.0;
				PRODUCT_BUNDLE_IDENTIFIER = msp.NovaAdapterTests;
				PRODUCT_NAME = "$(TARGET_NAME)";
				SWIFT_EMIT_LOC_STRINGS = NO;
				SWIFT_VERSION = 5.0;
				TARGETED_DEVICE_FAMILY = "1,2";
			};
			name = Release;
		};
/* End XCBuildConfiguration section */

/* Begin XCConfigurationList section */
		66E533132C1A4ED800255D15 /* Build configuration list for PBXProject "NovaAdapter" */ = {
			isa = XCConfigurationList;
			buildConfigurations = (
				66E5332B2C1A4ED900255D15 /* Debug */,
				66E5332C2C1A4ED900255D15 /* Release */,
			);
			defaultConfigurationIsVisible = 0;
			defaultConfigurationName = Release;
		};
		66E5332D2C1A4ED900255D15 /* Build configuration list for PBXNativeTarget "NovaAdapter" */ = {
			isa = XCConfigurationList;
			buildConfigurations = (
				66E5332E2C1A4ED900255D15 /* Debug */,
				66E5332F2C1A4ED900255D15 /* Release */,
			);
			defaultConfigurationIsVisible = 0;
			defaultConfigurationName = Release;
		};
		66E533302C1A4ED900255D15 /* Build configuration list for PBXNativeTarget "NovaAdapterTests" */ = {
			isa = XCConfigurationList;
			buildConfigurations = (
				66E533312C1A4ED900255D15 /* Debug */,
				66E533322C1A4ED900255D15 /* Release */,
			);
			defaultConfigurationIsVisible = 0;
			defaultConfigurationName = Release;
		};
/* End XCConfigurationList section */
	};
	rootObject = 66E533102C1A4ED800255D15 /* Project object */;
}
